
Microsoft Visual Studio Solution File, Format Version 12.00
# Visual Studio Version 17
VisualStudioVersion = 17.5.33502.453
MinimumVisualStudioVersion = 10.0.40219.1
Project("{FAE04EC0-301F-11D3-BF4B-00C04F79EFBC}") = "AzureFunctions", "AzureFunctions\AzureFunctions.csproj", "{0B4D681B-50F4-4104-A047-99DF8BA0E72C}"
EndProject
Global
	GlobalSection(SolutionConfigurationPlatforms) = preSolution
		Debug|Any CPU = Debug|Any CPU
		Release|Any CPU = Release|Any CPU
	EndGlobalSection
	GlobalSection(ProjectConfigurationPlatforms) = postSolution
		{0B4D681B-50F4-4104-A047-99DF8BA0E72C}.Debug|Any CPU.ActiveCfg = Debug|Any CPU
		{0B4D681B-50F4-4104-A047-99DF8BA0E72C}.Debug|Any CPU.Build.0 = Debug|Any CPU
		{0B4D681B-50F4-4104-A047-99DF8BA0E72C}.Release|Any CPU.ActiveCfg = Release|Any CPU
		{0B4D681B-50F4-4104-A047-99DF8BA0E72C}.Release|Any CPU.Build.0 = Release|Any CPU
	EndGlobalSection
	GlobalSection(SolutionProperties) = preSolution
		HideSolutionNode = FALSE
	EndGlobalSection
	GlobalSection(ExtensibilityGlobals) = postSolution
		SolutionGuid = {08CF22EB-BA84-4174-ABB0-F9AF6526A9F3}
	EndGlobalSection
EndGlobal
